
Microsoft Visual Studio Solution File, Format Version 12.00
# Visual Studio Version 16
VisualStudioVersion = 16.0.31829.152
MinimumVisualStudioVersion = 10.0.40219.1
Project("{FAE04EC0-301F-11D3-BF4B-00C04F79EFBC}") = "Final-task-8.2", "Final-task-8.2.csproj", "{301CF134-CEDE-4938-9F5A-BB0AC447A182}"
EndProject
Global
	GlobalSection(SolutionConfigurationPlatforms) = preSolution
		Debug|Any CPU = Debug|Any CPU
		Release|Any CPU = Release|Any CPU
	EndGlobalSection
	GlobalSection(ProjectConfigurationPlatforms) = postSolution
		{301CF134-CEDE-4938-9F5A-BB0AC447A182}.Debug|Any CPU.ActiveCfg = Debug|Any CPU
		{301CF134-CEDE-4938-9F5A-BB0AC447A182}.Debug|Any CPU.Build.0 = Debug|Any CPU
		{301CF134-CEDE-4938-9F5A-BB0AC447A182}.Release|Any CPU.ActiveCfg = Release|Any CPU
		{301CF134-CEDE-4938-9F5A-BB0AC447A182}.Release|Any CPU.Build.0 = Release|Any CPU
	EndGlobalSection
	GlobalSection(SolutionProperties) = preSolution
		HideSolutionNode = FALSE
	EndGlobalSection
	GlobalSection(ExtensibilityGlobals) = postSolution
		SolutionGuid = {1D48F0E3-2DE0-4AC8-8597-710E02F86BF5}
	EndGlobalSection
EndGlobal
